{
  "originHash" : "98ea44209d0bb2401f8d5991fdbb1a40437eadd90693705e08fc89c2b73485d0",
  "pins" : [
    {
      "identity" : "iamjarl-design",
      "kind" : "remoteSourceControl",
      "location" : "https://github.com/JarlLyng/iamjarl-design.git",
      "state" : {
        "revision" : "78c9164d667e80bfdfdfe01399dccc0043c5fef8",
        "version" : "1.11.1"
      }
    }
  ],
  "version" : 3
}
