{
  "originHash" : "98ea44209d0bb2401f8d5991fdbb1a40437eadd90693705e08fc89c2b73485d0",
  "pins" : [
    {
      "identity" : "iamjarl-design",
      "kind" : "remoteSourceControl",
      "location" : "https://github.com/JarlLyng/iamjarl-design.git",
      "state" : {
        "revision" : "737d02af9823fc44e22fe8b9acef6af442b4b9fe",
        "version" : "1.2.1"
      }
    }
  ],
  "version" : 3
}
